schema = "reprobuild.solved-graph-lock.v2"

[lock]
platform = "amd64-linux"
optimal = false
inputs_digest = "fnv1a64:cbf29ce484222325"
variants = []
packages = []
deps = [{ name = "reprobuild", path = ".", coord_kind = "vcs", url = "https://github.com/metacraft-labs/reprobuild", ref = "", revision = "0916a0286df592b50729aca9677a3e0c2b8993aa", integrity = "git-sha1:0916a0286df592b50729aca9677a3e0c2b8993aa", version = "", visibility = "public", participation = "", depends = "", tags = "" }]
