schema = "reprobuild.solved-graph-lock.v2"

[lock]
platform = "amd64-linux"
optimal = false
inputs_digest = "fnv1a64:450426c803dd2a2e"
variants = []
packages = [{ name = "basename", version = "1.0.0", source = "basename", selection = "selected" }, { name = "bash", version = "1.0.0", source = "bash", selection = "selected" }, { name = "chmod", version = "1.0.0", source = "chmod", selection = "selected" }, { name = "cp", version = "1.0.0", source = "cp", selection = "selected" }, { name = "dirname", version = "1.0.0", source = "dirname", selection = "selected" }, { name = "find", version = "1.0.0", source = "find", selection = "selected" }, { name = "gcc", version = "12.0.0", source = "gcc", selection = "selected" }, { name = "git", version = "1.0.0", source = "git", selection = "selected" }, { name = "grep", version = "1.0.0", source = "grep", selection = "selected" }, { name = "head", version = "1.0.0", source = "head", selection = "selected" }, { name = "just", version = "1.0.0", source = "just", selection = "selected" }, { name = "mkdir", version = "1.0.0", source = "mkdir", selection = "selected" }, { name = "mktemp", version = "1.0.0", source = "mktemp", selection = "selected" }, { name = "mv", version = "1.0.0", source = "mv", selection = "selected" }, { name = "nim", version = "2.2.0", source = "nim", selection = "selected" }, { name = "nim-shm-queue", version = "1.0.0", source = "nim-shm-queue", selection = "selected" }, { name = "nim-stackable-hooks", version = "1.0.0", source = "nim-stackable-hooks", selection = "selected" }, { name = "od", version = "1.0.0", source = "od", selection = "selected" }, { name = "openssl", version = "1.0.0", source = "openssl", selection = "selected" }, { name = "patchelf", version = "1.0.0", source = "patchelf", selection = "selected" }, { name = "python3", version = "1.0.0", source = "python3", selection = "selected" }, { name = "readelf", version = "1.0.0", source = "readelf", selection = "selected" }, { name = "readlink", version = "1.0.0", source = "readlink", selection = "selected" }, { name = "repro_test_adapters", version = "0.1.0", source = "repro_test_adapters", selection = "selected" }, { name = "reprobuild", version = "0.1.0", source = "reprobuild", selection = "selected" }, { name = "reprobuild-test-adapters", version = "1.0.0", source = "reprobuild-test-adapters", selection = "selected" }, { name = "rm", version = "1.0.0", source = "rm", selection = "selected" }, { name = "runquotad", version = "1.0.0", source = "runquotad", selection = "selected" }, { name = "sed", version = "1.0.0", source = "sed", selection = "selected" }, { name = "sh", version = "1.0.0", source = "sh", selection = "selected" }, { name = "shm_queue", version = "0.1.0", source = "shm_queue", selection = "selected" }, { name = "sort", version = "1.0.0", source = "sort", selection = "selected" }, { name = "stackable_hooks", version = "0.1.0", source = "stackable_hooks", selection = "selected" }, { name = "touch", version = "1.0.0", source = "touch", selection = "selected" }, { name = "tr", version = "1.0.0", source = "tr", selection = "selected" }, { name = "wc", version = "1.0.0", source = "wc", selection = "selected" }]
deps = [{ name = "nim-shm-queue", path = "../nim-shm-queue", coord_kind = "vcs", url = "https://github.com/metacraft-labs/nim-shm-queue", ref = "dev", revision = "5a8e43b52fa202859658692c9f8432967f3971ea", integrity = "git-sha1:5a8e43b52fa202859658692c9f8432967f3971ea", version = "", visibility = "public", participation = "", depends = "", tags = "" }, { name = "nim-stackable-hooks", path = "../nim-stackable-hooks", coord_kind = "vcs", url = "https://github.com/metacraft-labs/nim-stackable-hooks", ref = "dev", revision = "49006c311a9e0ae218e8a70cfa15c2f47286e8fd", integrity = "git-sha1:49006c311a9e0ae218e8a70cfa15c2f47286e8fd", version = "", visibility = "public", participation = "", depends = "", tags = "" }, { name = "reprobuild", path = ".", coord_kind = "vcs", url = "https://github.com/metacraft-labs/reprobuild", ref = "dev", revision = "a5acc584879969dca9bc2f1989cd6f52ef97174a", integrity = "git-sha1:a5acc584879969dca9bc2f1989cd6f52ef97174a", version = "", visibility = "public", participation = "", depends = "reprobuild-test-adapters,nim-stackable-hooks,nim-shm-queue", tags = "" }, { name = "reprobuild-test-adapters", path = "../reprobuild-test-adapters", coord_kind = "vcs", url = "https://github.com/metacraft-labs/reprobuild-test-adapters", ref = "dev", revision = "360cd50767e548556a0a7510d879f28c87eb3e34", integrity = "git-sha1:360cd50767e548556a0a7510d879f28c87eb3e34", version = "", visibility = "public", participation = "", depends = "", tags = "" }]
